
Microsoft Visual Studio Solution File, Format Version 12.00
# Visual Studio 15
VisualStudioVersion = 15.0.28016.0
MinimumVisualStudioVersion = 10.0.40219.1
Project("{FAE04EC0-301F-11D3-BF4B-00C04F79EFBC}") = "imageFilter", "imageFilter\imageFilter.csproj", "{027AE116-F3F1-4E06-B622-A37FA4980A08}"
EndProject
Global
	GlobalSection(SolutionConfigurationPlatforms) = preSolution
		Debug|Any CPU = Debug|Any CPU
		Release|Any CPU = Release|Any CPU
	EndGlobalSection
	GlobalSection(ProjectConfigurationPlatforms) = postSolution
		{027AE116-F3F1-4E06-B622-A37FA4980A08}.Debug|Any CPU.ActiveCfg = Debug|Any CPU
		{027AE116-F3F1-4E06-B622-A37FA4980A08}.Debug|Any CPU.Build.0 = Debug|Any CPU
		{027AE116-F3F1-4E06-B622-A37FA4980A08}.Release|Any CPU.ActiveCfg = Release|Any CPU
		{027AE116-F3F1-4E06-B622-A37FA4980A08}.Release|Any CPU.Build.0 = Release|Any CPU
	EndGlobalSection
	GlobalSection(SolutionProperties) = preSolution
		HideSolutionNode = FALSE
	EndGlobalSection
	GlobalSection(ExtensibilityGlobals) = postSolution
		SolutionGuid = {47E859E5-C684-4D69-8B77-896F3666CB97}
	EndGlobalSection
EndGlobal
